{
  "name": "mam-demo",
  "version": "1.0.0",
  "lockfileVersion": 1,
  "requires": true,
  "dependencies": {
    "@iota/converter": {
      "version": "1.0.0-beta.6",
      "resolved": "https://registry.npmjs.org/@iota/converter/-/converter-1.0.0-beta.6.tgz",
      "integrity": "sha512-qrOFb615AFhJOoC5MEJMKqy5Ud0xHBhBXRhvMK2ma6unZRrTCmZlRtAGyPtqMDrBT6WpMLSjHXtVfGlkav9RWA=="
    }
  }
}
